
Microsoft Visual Studio Solution File, Format Version 12.00
# Visual Studio 2013
VisualStudioVersion = 12.0.40629.0
MinimumVisualStudioVersion = 10.0.40219.1
Project("{FAE04EC0-301F-11D3-BF4B-00C04F79EFBC}") = "HTMLGiris", "HTMLGiris\HTMLGiris.csproj", "{598B6A72-EB8D-4722-AE43-9F945090E691}"
EndProject
Project("{FAE04EC0-301F-11D3-BF4B-00C04F79EFBC}") = "CssGiris", "CssGiris\CssGiris.csproj", "{EF4CAF1E-F0B0-41BE-B745-65F03265E799}"
EndProject
Project("{FAE04EC0-301F-11D3-BF4B-00C04F79EFBC}") = "JavascripteGiris", "JavascripteGiris\JavascripteGiris.csproj", "{779C8CF4-F919-4084-B2D4-ADEC537DBA30}"
EndProject
Global
	GlobalSection(SolutionConfigurationPlatforms) = preSolution
		Debug|Any CPU = Debug|Any CPU
		Release|Any CPU = Release|Any CPU
	EndGlobalSection
	GlobalSection(ProjectConfigurationPlatforms) = postSolution
		{598B6A72-EB8D-4722-AE43-9F945090E691}.Debug|Any CPU.ActiveCfg = Debug|Any CPU
		{598B6A72-EB8D-4722-AE43-9F945090E691}.Debug|Any CPU.Build.0 = Debug|Any CPU
		{598B6A72-EB8D-4722-AE43-9F945090E691}.Release|Any CPU.ActiveCfg = Release|Any CPU
		{598B6A72-EB8D-4722-AE43-9F945090E691}.Release|Any CPU.Build.0 = Release|Any CPU
		{EF4CAF1E-F0B0-41BE-B745-65F03265E799}.Debug|Any CPU.ActiveCfg = Debug|Any CPU
		{EF4CAF1E-F0B0-41BE-B745-65F03265E799}.Debug|Any CPU.Build.0 = Debug|Any CPU
		{EF4CAF1E-F0B0-41BE-B745-65F03265E799}.Release|Any CPU.ActiveCfg = Release|Any CPU
		{EF4CAF1E-F0B0-41BE-B745-65F03265E799}.Release|Any CPU.Build.0 = Release|Any CPU
		{779C8CF4-F919-4084-B2D4-ADEC537DBA30}.Debug|Any CPU.ActiveCfg = Debug|Any CPU
		{779C8CF4-F919-4084-B2D4-ADEC537DBA30}.Debug|Any CPU.Build.0 = Debug|Any CPU
		{779C8CF4-F919-4084-B2D4-ADEC537DBA30}.Release|Any CPU.ActiveCfg = Release|Any CPU
		{779C8CF4-F919-4084-B2D4-ADEC537DBA30}.Release|Any CPU.Build.0 = Release|Any CPU
	EndGlobalSection
	GlobalSection(SolutionProperties) = preSolution
		HideSolutionNode = FALSE
	EndGlobalSection
EndGlobal
